// !$*UTF8*$!
{
	archiveVersion = 1;
	classes = {
	};
	objectVersion = 55;
	objects = {

/* Begin PBXBuildFile section */
		221D48A22785E5B40017D7CC /* AppDelegate.swift in Sources */ = {isa = PBXBuildFile; fileRef = 221D48A12785E5B40017D7CC /* AppDelegate.swift */; };
		221D48A42785E5B40017D7CC /* SceneDelegate.swift in Sources */ = {isa = PBXBuildFile; fileRef = 221D48A32785E5B40017D7CC /* SceneDelegate.swift */; };
		221D48A92785E5B40017D7CC /* Main.storyboard in Resources */ = {isa = PBXBuildFile; fileRef = 221D48A72785E5B40017D7CC /* Main.storyboard */; };
		221D48AB2785E5B50017D7CC /* Assets.xcassets in Resources */ = {isa = PBXBuildFile; fileRef = 221D48AA2785E5B50017D7CC /* Assets.xcassets */; };
		221D48AE2785E5B50017D7CC /* LaunchScreen.storyboard in Resources */ = {isa = PBXBuildFile; fileRef = 221D48AC2785E5B50017D7CC /* LaunchScreen.storyboard */; };
		221D48B72785E6D50017D7CC /* Meal.swift in Sources */ = {isa = PBXBuildFile; fileRef = 221D48B62785E6D50017D7CC /* Meal.swift */; };
		221D48BB2785EE590017D7CC /* CategoryTableViewCell.swift in Sources */ = {isa = PBXBuildFile; fileRef = 221D48BA2785EE590017D7CC /* CategoryTableViewCell.swift */; };
		221D48BD2785EE910017D7CC /* CategoryViewController.swift in Sources */ = {isa = PBXBuildFile; fileRef = 221D48BC2785EE910017D7CC /* CategoryViewController.swift */; };
		222C8B512788C9A90021D92E /* Tests.swift in Sources */ = {isa = PBXBuildFile; fileRef = 222C8B502788C9A90021D92E /* Tests.swift */; };
		2298EC7427863C3A00AF20F8 /* DetailViewController.swift in Sources */ = {isa = PBXBuildFile; fileRef = 2298EC7327863C3A00AF20F8 /* DetailViewController.swift */; };
		2298EC762786712A00AF20F8 /* RecipeTableViewCell.swift in Sources */ = {isa = PBXBuildFile; fileRef = 2298EC752786712A00AF20F8 /* RecipeTableViewCell.swift */; };
		2298EC962787D30600AF20F8 /* NetworkManager.swift in Sources */ = {isa = PBXBuildFile; fileRef = 2298EC952787D30600AF20F8 /* NetworkManager.swift */; };
		22A8CA3D278D4B090083183A /* Categories.swift in Sources */ = {isa = PBXBuildFile; fileRef = 22A8CA3C278D4B090083183A /* Categories.swift */; };
		22A8CA3F278D4B1C0083183A /* Meals.swift in Sources */ = {isa = PBXBuildFile; fileRef = 22A8CA3E278D4B1C0083183A /* Meals.swift */; };
		22A8CA41278D4B390083183A /* MealDetail.swift in Sources */ = {isa = PBXBuildFile; fileRef = 22A8CA40278D4B390083183A /* MealDetail.swift */; };
		22A8CA43278D4B530083183A /* Category.swift in Sources */ = {isa = PBXBuildFile; fileRef = 22A8CA42278D4B530083183A /* Category.swift */; };
		22A8CA45278D4B730083183A /* MealsInCategory.swift in Sources */ = {isa = PBXBuildFile; fileRef = 22A8CA44278D4B730083183A /* MealsInCategory.swift */; };
		22D88C34278FB4FD00C70B4F /* CategoryViewControllerExtension.swift in Sources */ = {isa = PBXBuildFile; fileRef = 22D88C33278FB4FD00C70B4F /* CategoryViewControllerExtension.swift */; };
/* End PBXBuildFile section */

/* Begin PBXContainerItemProxy section */
		222C8B522788C9A90021D92E /* PBXContainerItemProxy */ = {
			isa = PBXContainerItemProxy;
			containerPortal = 221D48962785E5B40017D7CC /* Project object */;
			proxyType = 1;
			remoteGlobalIDString = 221D489D2785E5B40017D7CC;
			remoteInfo = "Bausch Take Home";
		};
/* End PBXContainerItemProxy section */

/* Begin PBXFileReference section */
		221D489E2785E5B40017D7CC /* Bausch Take Home.app */ = {isa = PBXFileReference; explicitFileType = wrapper.application; includeInIndex = 0; path = "Bausch Take Home.app"; sourceTree = BUILT_PRODUCTS_DIR; };
		221D48A12785E5B40017D7CC /* AppDelegate.swift */ = {isa = PBXFileReference; lastKnownFileType = sourcecode.swift; path = AppDelegate.swift; sourceTree = "<group>"; };
		221D48A32785E5B40017D7CC /* SceneDelegate.swift */ = {isa = PBXFileReference; lastKnownFileType = sourcecode.swift; path = SceneDelegate.swift; sourceTree = "<group>"; };
		221D48A82785E5B40017D7CC /* Base */ = {isa = PBXFileReference; lastKnownFileType = file.storyboard; name = Base; path = Base.lproj/Main.storyboard; sourceTree = "<group>"; };
		221D48AA2785E5B50017D7CC /* Assets.xcassets */ = {isa = PBXFileReference; lastKnownFileType = folder.assetcatalog; path = Assets.xcassets; sourceTree = "<group>"; };
		221D48AD2785E5B50017D7CC /* Base */ = {isa = PBXFileReference; lastKnownFileType = file.storyboard; name = Base; path = Base.lproj/LaunchScreen.storyboard; sourceTree = "<group>"; };
		221D48AF2785E5B50017D7CC /* Info.plist */ = {isa = PBXFileReference; lastKnownFileType = text.plist.xml; path = Info.plist; sourceTree = "<group>"; };
		221D48B62785E6D50017D7CC /* Meal.swift */ = {isa = PBXFileReference; lastKnownFileType = sourcecode.swift; path = Meal.swift; sourceTree = "<group>"; };
		221D48BA2785EE590017D7CC /* CategoryTableViewCell.swift */ = {isa = PBXFileReference; lastKnownFileType = sourcecode.swift; path = CategoryTableViewCell.swift; sourceTree = "<group>"; };
		221D48BC2785EE910017D7CC /* CategoryViewController.swift */ = {isa = PBXFileReference; lastKnownFileType = sourcecode.swift; path = CategoryViewController.swift; sourceTree = "<group>"; };
		222C8B4E2788C9A90021D92E /* Tests.xctest */ = {isa = PBXFileReference; explicitFileType = wrapper.cfbundle; includeInIndex = 0; path = Tests.xctest; sourceTree = BUILT_PRODUCTS_DIR; };
		222C8B502788C9A90021D92E /* Tests.swift */ = {isa = PBXFileReference; lastKnownFileType = sourcecode.swift; path = Tests.swift; sourceTree = "<group>"; };
		2298EC7327863C3A00AF20F8 /* DetailViewController.swift */ = {isa = PBXFileReference; lastKnownFileType = sourcecode.swift; path = DetailViewController.swift; sourceTree = "<group>"; };
		2298EC752786712A00AF20F8 /* RecipeTableViewCell.swift */ = {isa = PBXFileReference; lastKnownFileType = sourcecode.swift; path = RecipeTableViewCell.swift; sourceTree = "<group>"; };
		2298EC952787D30600AF20F8 /* NetworkManager.swift */ = {isa = PBXFileReference; lastKnownFileType = sourcecode.swift; path = NetworkManager.swift; sourceTree = "<group>"; };
		22A8CA3C278D4B090083183A /* Categories.swift */ = {isa = PBXFileReference; lastKnownFileType = sourcecode.swift; path = Categories.swift; sourceTree = "<group>"; };
		22A8CA3E278D4B1C0083183A /* Meals.swift */ = {isa = PBXFileReference; lastKnownFileType = sourcecode.swift; path = Meals.swift; sourceTree = "<group>"; };
		22A8CA40278D4B390083183A /* MealDetail.swift */ = {isa = PBXFileReference; lastKnownFileType = sourcecode.swift; path = MealDetail.swift; sourceTree = "<group>"; };
		22A8CA42278D4B530083183A /* Category.swift */ = {isa = PBXFileReference; lastKnownFileType = sourcecode.swift; path = Category.swift; sourceTree = "<group>"; };
		22A8CA44278D4B730083183A /* MealsInCategory.swift */ = {isa = PBXFileReference; lastKnownFileType = sourcecode.swift; path = MealsInCategory.swift; sourceTree = "<group>"; };
		22D88C33278FB4FD00C70B4F /* CategoryViewControllerExtension.swift */ = {isa = PBXFileReference; lastKnownFileType = sourcecode.swift; path = CategoryViewControllerExtension.swift; sourceTree = "<group>"; };
/* End PBXFileReference section */

/* Begin PBXFrameworksBuildPhase section */
		221D489B2785E5B40017D7CC /* Frameworks */ = {
			isa = PBXFrameworksBuildPhase;
			buildActionMask = 2147483647;
			files = (
			);
			runOnlyForDeploymentPostprocessing = 0;
		};
		222C8B4B2788C9A90021D92E /* Frameworks */ = {
			isa = PBXFrameworksBuildPhase;
			buildActionMask = 2147483647;
			files = (
			);
			runOnlyForDeploymentPostprocessing = 0;
		};
/* End PBXFrameworksBuildPhase section */

/* Begin PBXGroup section */
		221D48952785E5B40017D7CC = {
			isa = PBXGroup;
			children = (
				221D48A02785E5B40017D7CC /* Bausch Take Home */,
				222C8B4F2788C9A90021D92E /* Tests */,
				221D489F2785E5B40017D7CC /* Products */,
			);
			sourceTree = "<group>";
		};
		221D489F2785E5B40017D7CC /* Products */ = {
			isa = PBXGroup;
			children = (
				221D489E2785E5B40017D7CC /* Bausch Take Home.app */,
				222C8B4E2788C9A90021D92E /* Tests.xctest */,
			);
			name = Products;
			sourceTree = "<group>";
		};
		221D48A02785E5B40017D7CC /* Bausch Take Home */ = {
			isa = PBXGroup;
			children = (
				221D48A12785E5B40017D7CC /* AppDelegate.swift */,
				221D48A32785E5B40017D7CC /* SceneDelegate.swift */,
				22D88C30278FABDD00C70B4F /* Extensions */,
				221D48B82785E79E0017D7CC /* Models */,
				221D48B52785E6B70017D7CC /* Controllers */,
				221D48B92785EDB80017D7CC /* Views */,
				221D48AA2785E5B50017D7CC /* Assets.xcassets */,
				221D48AF2785E5B50017D7CC /* Info.plist */,
			);
			path = "Bausch Take Home";
			sourceTree = "<group>";
		};
		221D48B52785E6B70017D7CC /* Controllers */ = {
			isa = PBXGroup;
			children = (
				221D48BC2785EE910017D7CC /* CategoryViewController.swift */,
				2298EC7327863C3A00AF20F8 /* DetailViewController.swift */,
			);
			path = Controllers;
			sourceTree = "<group>";
		};
		221D48B82785E79E0017D7CC /* Models */ = {
			isa = PBXGroup;
			children = (
				221D48B62785E6D50017D7CC /* Meal.swift */,
				22A8CA40278D4B390083183A /* MealDetail.swift */,
				2298EC952787D30600AF20F8 /* NetworkManager.swift */,
				22A8CA3C278D4B090083183A /* Categories.swift */,
				22A8CA3E278D4B1C0083183A /* Meals.swift */,
				22A8CA42278D4B530083183A /* Category.swift */,
				22A8CA44278D4B730083183A /* MealsInCategory.swift */,
			);
			path = Models;
			sourceTree = "<group>";
		};
		221D48B92785EDB80017D7CC /* Views */ = {
			isa = PBXGroup;
			children = (
				221D48BA2785EE590017D7CC /* CategoryTableViewCell.swift */,
				2298EC752786712A00AF20F8 /* RecipeTableViewCell.swift */,
				221D48A72785E5B40017D7CC /* Main.storyboard */,
				221D48AC2785E5B50017D7CC /* LaunchScreen.storyboard */,
			);
			path = Views;
			sourceTree = "<group>";
		};
		222C8B4F2788C9A90021D92E /* Tests */ = {
			isa = PBXGroup;
			children = (
				222C8B502788C9A90021D92E /* Tests.swift */,
			);
			path = Tests;
			sourceTree = "<group>";
		};
		22D88C30278FABDD00C70B4F /* Extensions */ = {
			isa = PBXGroup;
			children = (
				22D88C33278FB4FD00C70B4F /* CategoryViewControllerExtension.swift */,
			);
			path = Extensions;
			sourceTree = "<group>";
		};
/* End PBXGroup section */

/* Begin PBXNativeTarget section */
		221D489D2785E5B40017D7CC /* Bausch Take Home */ = {
			isa = PBXNativeTarget;
			buildConfigurationList = 221D48B22785E5B50017D7CC /* Build configuration list for PBXNativeTarget "Bausch Take Home" */;
			buildPhases = (
				221D489A2785E5B40017D7CC /* Sources */,
				221D489B2785E5B40017D7CC /* Frameworks */,
				221D489C2785E5B40017D7CC /* Resources */,
			);
			buildRules = (
			);
			dependencies = (
			);
			name = "Bausch Take Home";
			productName = "Bausch Take Home";
			productReference = 221D489E2785E5B40017D7CC /* Bausch Take Home.app */;
			productType = "com.apple.product-type.application";
		};
		222C8B4D2788C9A90021D92E /* Tests */ = {
			isa = PBXNativeTarget;
			buildConfigurationList = 222C8B542788C9A90021D92E /* Build configuration list for PBXNativeTarget "Tests" */;
			buildPhases = (
				222C8B4A2788C9A90021D92E /* Sources */,
				222C8B4B2788C9A90021D92E /* Frameworks */,
				222C8B4C2788C9A90021D92E /* Resources */,
			);
			buildRules = (
			);
			dependencies = (
				222C8B532788C9A90021D92E /* PBXTargetDependency */,
			);
			name = Tests;
			productName = Tests;
			productReference = 222C8B4E2788C9A90021D92E /* Tests.xctest */;
			productType = "com.apple.product-type.bundle.unit-test";
		};
/* End PBXNativeTarget section */

/* Begin PBXProject section */
		221D48962785E5B40017D7CC /* Project object */ = {
			isa = PBXProject;
			attributes = {
				BuildIndependentTargetsInParallel = 1;
				LastSwiftUpdateCheck = 1320;
				LastUpgradeCheck = 1320;
				TargetAttributes = {
					221D489D2785E5B40017D7CC = {
						CreatedOnToolsVersion = 13.2.1;
					};
					222C8B4D2788C9A90021D92E = {
						CreatedOnToolsVersion = 13.2.1;
						TestTargetID = 221D489D2785E5B40017D7CC;
					};
				};
			};
			buildConfigurationList = 221D48992785E5B40017D7CC /* Build configuration list for PBXProject "Bausch Take Home" */;
			compatibilityVersion = "Xcode 13.0";
			developmentRegion = en;
			hasScannedForEncodings = 0;
			knownRegions = (
				en,
				Base,
			);
			mainGroup = 221D48952785E5B40017D7CC;
			productRefGroup = 221D489F2785E5B40017D7CC /* Products */;
			projectDirPath = "";
			projectRoot = "";
			targets = (
				221D489D2785E5B40017D7CC /* Bausch Take Home */,
				222C8B4D2788C9A90021D92E /* Tests */,
			);
		};
/* End PBXProject section */

/* Begin PBXResourcesBuildPhase section */
		221D489C2785E5B40017D7CC /* Resources */ = {
			isa = PBXResourcesBuildPhase;
			buildActionMask = 2147483647;
			files = (
				221D48AE2785E5B50017D7CC /* LaunchScreen.storyboard in Resources */,
				221D48AB2785E5B50017D7CC /* Assets.xcassets in Resources */,
				221D48A92785E5B40017D7CC /* Main.storyboard in Resources */,
			);
			runOnlyForDeploymentPostprocessing = 0;
		};
		222C8B4C2788C9A90021D92E /* Resources */ = {
			isa = PBXResourcesBuildPhase;
			buildActionMask = 2147483647;
			files = (
			);
			runOnlyForDeploymentPostprocessing = 0;
		};
/* End PBXResourcesBuildPhase section */

/* Begin PBXSourcesBuildPhase section */
		221D489A2785E5B40017D7CC /* Sources */ = {
			isa = PBXSourcesBuildPhase;
			buildActionMask = 2147483647;
			files = (
				221D48BD2785EE910017D7CC /* CategoryViewController.swift in Sources */,
				221D48BB2785EE590017D7CC /* CategoryTableViewCell.swift in Sources */,
				221D48A22785E5B40017D7CC /* AppDelegate.swift in Sources */,
				2298EC762786712A00AF20F8 /* RecipeTableViewCell.swift in Sources */,
				22A8CA3F278D4B1C0083183A /* Meals.swift in Sources */,
				2298EC7427863C3A00AF20F8 /* DetailViewController.swift in Sources */,
				22A8CA45278D4B730083183A /* MealsInCategory.swift in Sources */,
				22A8CA3D278D4B090083183A /* Categories.swift in Sources */,
				22D88C34278FB4FD00C70B4F /* CategoryViewControllerExtension.swift in Sources */,
				22A8CA41278D4B390083183A /* MealDetail.swift in Sources */,
				221D48A42785E5B40017D7CC /* SceneDelegate.swift in Sources */,
				221D48B72785E6D50017D7CC /* Meal.swift in Sources */,
				2298EC962787D30600AF20F8 /* NetworkManager.swift in Sources */,
				22A8CA43278D4B530083183A /* Category.swift in Sources */,
			);
			runOnlyForDeploymentPostprocessing = 0;
		};
		222C8B4A2788C9A90021D92E /* Sources */ = {
			isa = PBXSourcesBuildPhase;
			buildActionMask = 2147483647;
			files = (
				222C8B512788C9A90021D92E /* Tests.swift in Sources */,
			);
			runOnlyForDeploymentPostprocessing = 0;
		};
/* End PBXSourcesBuildPhase section */

/* Begin PBXTargetDependency section */
		222C8B532788C9A90021D92E /* PBXTargetDependency */ = {
			isa = PBXTargetDependency;
			target = 221D489D2785E5B40017D7CC /* Bausch Take Home */;
			targetProxy = 222C8B522788C9A90021D92E /* PBXContainerItemProxy */;
		};
/* End PBXTargetDependency section */

/* Begin PBXVariantGroup section */
		221D48A72785E5B40017D7CC /* Main.storyboard */ = {
			isa = PBXVariantGroup;
			children = (
				221D48A82785E5B40017D7CC /* Base */,
			);
			name = Main.storyboard;
			sourceTree = "<group>";
		};
		221D48AC2785E5B50017D7CC /* LaunchScreen.storyboard */ = {
			isa = PBXVariantGroup;
			children = (
				221D48AD2785E5B50017D7CC /* Base */,
			);
			name = LaunchScreen.storyboard;
			sourceTree = "<group>";
		};
/* End PBXVariantGroup section */

/* Begin XCBuildConfiguration section */
		221D48B02785E5B50017D7CC /* Debug */ = {
			isa = XCBuildConfiguration;
			buildSettings = {
				ALWAYS_SEARCH_USER_PATHS = NO;
				CLANG_ANALYZER_NONNULL = YES;
				CLANG_ANALYZER_NUMBER_OBJECT_CONVERSION = YES_AGGRESSIVE;
				CLANG_CXX_LANGUAGE_STANDARD = "gnu++17";
				CLANG_CXX_LIBRARY = "libc++";
				CLANG_ENABLE_MODULES = YES;
				CLANG_ENABLE_OBJC_ARC = YES;
				CLANG_ENABLE_OBJC_WEAK = YES;
				CLANG_WARN_BLOCK_CAPTURE_AUTORELEASING = YES;
				CLANG_WARN_BOOL_CONVERSION = YES;
				CLANG_WARN_COMMA = YES;
				CLANG_WARN_CONSTANT_CONVERSION = YES;
				CLANG_WARN_DEPRECATED_OBJC_IMPLEMENTATIONS = YES;
				CLANG_WARN_DIRECT_OBJC_ISA_USAGE = YES_ERROR;
				CLANG_WARN_DOCUMENTATION_COMMENTS = YES;
				CLANG_WARN_EMPTY_BODY = YES;
				CLANG_WARN_ENUM_CONVERSION = YES;
				CLANG_WARN_INFINITE_RECURSION = YES;
				CLANG_WARN_INT_CONVERSION = YES;
				CLANG_WARN_NON_LITERAL_NULL_CONVERSION = YES;
				CLANG_WARN_OBJC_IMPLICIT_RETAIN_SELF = YES;
				CLANG_WARN_OBJC_LITERAL_CONVERSION = YES;
				CLANG_WARN_OBJC_ROOT_CLASS = YES_ERROR;
				CLANG_WARN_QUOTED_INCLUDE_IN_FRAMEWORK_HEADER = YES;
				CLANG_WARN_RANGE_LOOP_ANALYSIS = YES;
				CLANG_WARN_STRICT_PROTOTYPES = YES;
				CLANG_WARN_SUSPICIOUS_MOVE = YES;
				CLANG_WARN_UNGUARDED_AVAILABILITY = YES_AGGRESSIVE;
				CLANG_WARN_UNREACHABLE_CODE = YES;
				CLANG_WARN__DUPLICATE_METHOD_MATCH = YES;
				COPY_PHASE_STRIP = NO;
				DEBUG_INFORMATION_FORMAT = dwarf;
				ENABLE_STRICT_OBJC_MSGSEND = YES;
				ENABLE_TESTABILITY = YES;
				GCC_C_LANGUAGE_STANDARD = gnu11;
				GCC_DYNAMIC_NO_PIC = NO;
				GCC_NO_COMMON_BLOCKS = YES;
				GCC_OPTIMIZATION_LEVEL = 0;
				GCC_PREPROCESSOR_DEFINITIONS = (
					"DEBUG=1",
					"$(inherited)",
				);
				GCC_WARN_64_TO_32_BIT_CONVERSION = YES;
				GCC_WARN_ABOUT_RETURN_TYPE = YES_ERROR;
				GCC_WARN_UNDECLARED_SELECTOR = YES;
				GCC_WARN_UNINITIALIZED_AUTOS = YES_AGGRESSIVE;
				GCC_WARN_UNUSED_FUNCTION = YES;
				GCC_WARN_UNUSED_VARIABLE = YES;
				IPHONEOS_DEPLOYMENT_TARGET = 15.2;
				MTL_ENABLE_DEBUG_INFO = INCLUDE_SOURCE;
				MTL_FAST_MATH = YES;
				ONLY_ACTIVE_ARCH = YES;
				SDKROOT = iphoneos;
				SWIFT_ACTIVE_COMPILATION_CONDITIONS = DEBUG;
				SWIFT_OPTIMIZATION_LEVEL = "-Onone";
			};
			name = Debug;
		};
		221D48B12785E5B50017D7CC /* Release */ = {
			isa = XCBuildConfiguration;
			buildSettings = {
				ALWAYS_SEARCH_USER_PATHS = NO;
				CLANG_ANALYZER_NONNULL = YES;
				CLANG_ANALYZER_NUMBER_OBJECT_CONVERSION = YES_AGGRESSIVE;
				CLANG_CXX_LANGUAGE_STANDARD = "gnu++17";
				CLANG_CXX_LIBRARY = "libc++";
				CLANG_ENABLE_MODULES = YES;
				CLANG_ENABLE_OBJC_ARC = YES;
				CLANG_ENABLE_OBJC_WEAK = YES;
				CLANG_WARN_BLOCK_CAPTURE_AUTORELEASING = YES;
				CLANG_WARN_BOOL_CONVERSION = YES;
				CLANG_WARN_COMMA = YES;
				CLANG_WARN_CONSTANT_CONVERSION = YES;
				CLANG_WARN_DEPRECATED_OBJC_IMPLEMENTATIONS = YES;
				CLANG_WARN_DIRECT_OBJC_ISA_USAGE = YES_ERROR;
				CLANG_WARN_DOCUMENTATION_COMMENTS = YES;
				CLANG_WARN_EMPTY_BODY = YES;
				CLANG_WARN_ENUM_CONVERSION = YES;
				CLANG_WARN_INFINITE_RECURSION = YES;
				CLANG_WARN_INT_CONVERSION = YES;
				CLANG_WARN_NON_LITERAL_NULL_CONVERSION = YES;
				CLANG_WARN_OBJC_IMPLICIT_RETAIN_SELF = YES;
				CLANG_WARN_OBJC_LITERAL_CONVERSION = YES;
				CLANG_WARN_OBJC_ROOT_CLASS = YES_ERROR;
				CLANG_WARN_QUOTED_INCLUDE_IN_FRAMEWORK_HEADER = YES;
				CLANG_WARN_RANGE_LOOP_ANALYSIS = YES;
				CLANG_WARN_STRICT_PROTOTYPES = YES;
				CLANG_WARN_SUSPICIOUS_MOVE = YES;
				CLANG_WARN_UNGUARDED_AVAILABILITY = YES_AGGRESSIVE;
				CLANG_WARN_UNREACHABLE_CODE = YES;
				CLANG_WARN__DUPLICATE_METHOD_MATCH = YES;
				COPY_PHASE_STRIP = NO;
				DEBUG_INFORMATION_FORMAT = "dwarf-with-dsym";
				ENABLE_NS_ASSERTIONS = NO;
				ENABLE_STRICT_OBJC_MSGSEND = YES;
				GCC_C_LANGUAGE_STANDARD = gnu11;
				GCC_NO_COMMON_BLOCKS = YES;
				GCC_WARN_64_TO_32_BIT_CONVERSION = YES;
				GCC_WARN_ABOUT_RETURN_TYPE = YES_ERROR;
				GCC_WARN_UNDECLARED_SELECTOR = YES;
				GCC_WARN_UNINITIALIZED_AUTOS = YES_AGGRESSIVE;
				GCC_WARN_UNUSED_FUNCTION = YES;
				GCC_WARN_UNUSED_VARIABLE = YES;
				IPHONEOS_DEPLOYMENT_TARGET = 15.2;
				MTL_ENABLE_DEBUG_INFO = NO;
				MTL_FAST_MATH = YES;
				SDKROOT = iphoneos;
				SWIFT_COMPILATION_MODE = wholemodule;
				SWIFT_OPTIMIZATION_LEVEL = "-O";
				VALIDATE_PRODUCT = YES;
			};
			name = Release;
		};
		221D48B32785E5B50017D7CC /* Debug */ = {
			isa = XCBuildConfiguration;
			buildSettings = {
				ASSETCATALOG_COMPILER_APPICON_NAME = AppIcon;
				ASSETCATALOG_COMPILER_GLOBAL_ACCENT_COLOR_NAME = AccentColor;
				CODE_SIGN_STYLE = Automatic;
				CURRENT_PROJECT_VERSION = 1;
				DEVELOPMENT_TEAM = 89JNN3239D;
				GENERATE_INFOPLIST_FILE = YES;
				INFOPLIST_FILE = "Bausch Take Home/Info.plist";
				INFOPLIST_KEY_UIApplicationSupportsIndirectInputEvents = YES;
				INFOPLIST_KEY_UILaunchStoryboardName = LaunchScreen;
				INFOPLIST_KEY_UIMainStoryboardFile = Main;
				INFOPLIST_KEY_UISupportedInterfaceOrientations_iPad = "UIInterfaceOrientationPortrait UIInterfaceOrientationPortraitUpsideDown UIInterfaceOrientationLandscapeLeft UIInterfaceOrientationLandscapeRight";
				INFOPLIST_KEY_UISupportedInterfaceOrientations_iPhone = "UIInterfaceOrientationPortrait UIInterfaceOrientationLandscapeLeft UIInterfaceOrientationLandscapeRight";
				LD_RUNPATH_SEARCH_PATHS = (
					"$(inherited)",
					"@executable_path/Frameworks",
				);
				MARKETING_VERSION = 1.0;
				PRODUCT_BUNDLE_IDENTIFIER = "com.timbausch.Bausch-Take-Home";
				PRODUCT_NAME = "$(TARGET_NAME)";
				SWIFT_EMIT_LOC_STRINGS = YES;
				SWIFT_VERSION = 5.0;
				TARGETED_DEVICE_FAMILY = "1,2";
			};
			name = Debug;
		};
		221D48B42785E5B50017D7CC /* Release */ = {
			isa = XCBuildConfiguration;
			buildSettings = {
				ASSETCATALOG_COMPILER_APPICON_NAME = AppIcon;
				ASSETCATALOG_COMPILER_GLOBAL_ACCENT_COLOR_NAME = AccentColor;
				CODE_SIGN_STYLE = Automatic;
				CURRENT_PROJECT_VERSION = 1;
				DEVELOPMENT_TEAM = 89JNN3239D;
				GENERATE_INFOPLIST_FILE = YES;
				INFOPLIST_FILE = "Bausch Take Home/Info.plist";
				INFOPLIST_KEY_UIApplicationSupportsIndirectInputEvents = YES;
				INFOPLIST_KEY_UILaunchStoryboardName = LaunchScreen;
				INFOPLIST_KEY_UIMainStoryboardFile = Main;
				INFOPLIST_KEY_UISupportedInterfaceOrientations_iPad = "UIInterfaceOrientationPortrait UIInterfaceOrientationPortraitUpsideDown UIInterfaceOrientationLandscapeLeft UIInterfaceOrientationLandscapeRight";
				INFOPLIST_KEY_UISupportedInterfaceOrientations_iPhone = "UIInterfaceOrientationPortrait UIInterfaceOrientationLandscapeLeft UIInterfaceOrientationLandscapeRight";
				LD_RUNPATH_SEARCH_PATHS = (
					"$(inherited)",
					"@executable_path/Frameworks",
				);
				MARKETING_VERSION = 1.0;
				PRODUCT_BUNDLE_IDENTIFIER = "com.timbausch.Bausch-Take-Home";
				PRODUCT_NAME = "$(TARGET_NAME)";
				SWIFT_EMIT_LOC_STRINGS = YES;
				SWIFT_VERSION = 5.0;
				TARGETED_DEVICE_FAMILY = "1,2";
			};
			name = Release;
		};
		222C8B552788C9A90021D92E /* Debug */ = {
			isa = XCBuildConfiguration;
			buildSettings = {
				BUNDLE_LOADER = "$(TEST_HOST)";
				CODE_SIGN_STYLE = Automatic;
				CURRENT_PROJECT_VERSION = 1;
				DEVELOPMENT_TEAM = 89JNN3239D;
				GENERATE_INFOPLIST_FILE = YES;
				MARKETING_VERSION = 1.0;
				PRODUCT_BUNDLE_IDENTIFIER = com.timbausch.Tests;
				PRODUCT_NAME = "$(TARGET_NAME)";
				SWIFT_EMIT_LOC_STRINGS = NO;
				SWIFT_VERSION = 5.0;
				TARGETED_DEVICE_FAMILY = "1,2";
				TEST_HOST = "$(BUILT_PRODUCTS_DIR)/Bausch Take Home.app/Bausch Take Home";
			};
			name = Debug;
		};
		222C8B562788C9A90021D92E /* Release */ = {
			isa = XCBuildConfiguration;
			buildSettings = {
				BUNDLE_LOADER = "$(TEST_HOST)";
				CODE_SIGN_STYLE = Automatic;
				CURRENT_PROJECT_VERSION = 1;
				DEVELOPMENT_TEAM = 89JNN3239D;
				GENERATE_INFOPLIST_FILE = YES;
				MARKETING_VERSION = 1.0;
				PRODUCT_BUNDLE_IDENTIFIER = com.timbausch.Tests;
				PRODUCT_NAME = "$(TARGET_NAME)";
				SWIFT_EMIT_LOC_STRINGS = NO;
				SWIFT_VERSION = 5.0;
				TARGETED_DEVICE_FAMILY = "1,2";
				TEST_HOST = "$(BUILT_PRODUCTS_DIR)/Bausch Take Home.app/Bausch Take Home";
			};
			name = Release;
		};
/* End XCBuildConfiguration section */

/* Begin XCConfigurationList section */
		221D48992785E5B40017D7CC /* Build configuration list for PBXProject "Bausch Take Home" */ = {
			isa = XCConfigurationList;
			buildConfigurations = (
				221D48B02785E5B50017D7CC /* Debug */,
				221D48B12785E5B50017D7CC /* Release */,
			);
			defaultConfigurationIsVisible = 0;
			defaultConfigurationName = Release;
		};
		221D48B22785E5B50017D7CC /* Build configuration list for PBXNativeTarget "Bausch Take Home" */ = {
			isa = XCConfigurationList;
			buildConfigurations = (
				221D48B32785E5B50017D7CC /* Debug */,
				221D48B42785E5B50017D7CC /* Release */,
			);
			defaultConfigurationIsVisible = 0;
			defaultConfigurationName = Release;
		};
		222C8B542788C9A90021D92E /* Build configuration list for PBXNativeTarget "Tests" */ = {
			isa = XCConfigurationList;
			buildConfigurations = (
				222C8B552788C9A90021D92E /* Debug */,
				222C8B562788C9A90021D92E /* Release */,
			);
			defaultConfigurationIsVisible = 0;
			defaultConfigurationName = Release;
		};
/* End XCConfigurationList section */
	};
	rootObject = 221D48962785E5B40017D7CC /* Project object */;
}
